# This file is automatically @generated by Cargo.
# It is not intended for manual editing.
version = 4

[[package]]
name = "container-oci"
version = "0.0.0-phase0c"

[[package]]
name = "decomposition-libarchive"
version = "0.0.0-phase0c"

[[package]]
name = "git-cli"
version = "0.0.0-phase0c"

[[package]]
name = "ptah-activity-runtime"
version = "0.0.0-phase0c"

[[package]]
name = "ptah-checkpoint"
version = "0.0.0-phase0c"

[[package]]
name = "ptah-contracts"
version = "0.0.0-phase0c"

[[package]]
name = "ptah-control"
version = "0.0.0-phase0c"

[[package]]
name = "ptah-events"
version = "0.0.0-phase0c"

[[package]]
name = "ptah-identifiers"
version = "0.0.0-phase0c"

[[package]]
name = "ptah-ledger"
version = "0.0.0-phase0c"

[[package]]
name = "ptah-node"
version = "0.0.0-phase0c"

[[package]]
name = "ptah-node-agent"
version = "0.0.0-phase0c"

[[package]]
name = "ptah-object-store"
version = "0.0.0-phase0c"

[[package]]
name = "ptah-provider-api"
version = "0.0.0-phase0c"

[[package]]
name = "ptah-receipts"
version = "0.0.0-phase0c"

[[package]]
name = "ptah-transfer"
version = "0.0.0-phase0c"

[[package]]
name = "ptah-workspace"
version = "0.0.0-phase0c"

